// !$*UTF8*$!
{
	archiveVersion = 1;
	classes = {
	};
	objectVersion = 55;
	objects = {

/* Begin PBXBuildFile section */
		586A198827DA1F69009D3479 /* SelfCheckInQRApp.swift in Sources */ = {isa = PBXBuildFile; fileRef = 586A198727DA1F69009D3479 /* SelfCheckInQRApp.swift */; };
		586A198A27DA1F69009D3479 /* ContentView.swift in Sources */ = {isa = PBXBuildFile; fileRef = 586A198927DA1F69009D3479 /* ContentView.swift */; };
		586A198C27DA1F6A009D3479 /* Assets.xcassets in Resources */ = {isa = PBXBuildFile; fileRef = 586A198B27DA1F6A009D3479 /* Assets.xcassets */; };
		586A198F27DA1F6A009D3479 /* Preview Assets.xcassets in Resources */ = {isa = PBXBuildFile; fileRef = 586A198E27DA1F6A009D3479 /* Preview Assets.xcassets */; };
		586A199927DA1F6A009D3479 /* SelfCheckInQRTests.swift in Sources */ = {isa = PBXBuildFile; fileRef = 586A199827DA1F6A009D3479 /* SelfCheckInQRTests.swift */; };
		586A19A327DA1F6A009D3479 /* SelfCheckInQRUITests.swift in Sources */ = {isa = PBXBuildFile; fileRef = 586A19A227DA1F6A009D3479 /* SelfCheckInQRUITests.swift */; };
		586A19A527DA1F6A009D3479 /* SelfCheckInQRUITestsLaunchTests.swift in Sources */ = {isa = PBXBuildFile; fileRef = 586A19A427DA1F6A009D3479 /* SelfCheckInQRUITestsLaunchTests.swift */; };
/* End PBXBuildFile section */

/* Begin PBXContainerItemProxy section */
		586A199527DA1F6A009D3479 /* PBXContainerItemProxy */ = {
			isa = PBXContainerItemProxy;
			containerPortal = 586A197C27DA1F68009D3479 /* Project object */;
			proxyType = 1;
			remoteGlobalIDString = 586A198327DA1F69009D3479;
			remoteInfo = SelfCheckInQR;
		};
		586A199F27DA1F6A009D3479 /* PBXContainerItemProxy */ = {
			isa = PBXContainerItemProxy;
			containerPortal = 586A197C27DA1F68009D3479 /* Project object */;
			proxyType = 1;
			remoteGlobalIDString = 586A198327DA1F69009D3479;
			remoteInfo = SelfCheckInQR;
		};
/* End PBXContainerItemProxy section */

/* Begin PBXFileReference section */
		586A198427DA1F69009D3479 /* SelfCheckInQR.app */ = {isa = PBXFileReference; explicitFileType = wrapper.application; includeInIndex = 0; path = SelfCheckInQR.app; sourceTree = BUILT_PRODUCTS_DIR; };
		586A198727DA1F69009D3479 /* SelfCheckInQRApp.swift */ = {isa = PBXFileReference; lastKnownFileType = sourcecode.swift; path = SelfCheckInQRApp.swift; sourceTree = "<group>"; };
		586A198927DA1F69009D3479 /* ContentView.swift */ = {isa = PBXFileReference; lastKnownFileType = sourcecode.swift; path = ContentView.swift; sourceTree = "<group>"; };
		586A198B27DA1F6A009D3479 /* Assets.xcassets */ = {isa = PBXFileReference; lastKnownFileType = folder.assetcatalog; path = Assets.xcassets; sourceTree = "<group>"; };
		586A198E27DA1F6A009D3479 /* Preview Assets.xcassets */ = {isa = PBXFileReference; lastKnownFileType = folder.assetcatalog; path = "Preview Assets.xcassets"; sourceTree = "<group>"; };
		586A199427DA1F6A009D3479 /* SelfCheckInQRTests.xctest */ = {isa = PBXFileReference; explicitFileType = wrapper.cfbundle; includeInIndex = 0; path = SelfCheckInQRTests.xctest; sourceTree = BUILT_PRODUCTS_DIR; };
		586A199827DA1F6A009D3479 /* SelfCheckInQRTests.swift */ = {isa = PBXFileReference; lastKnownFileType = sourcecode.swift; path = SelfCheckInQRTests.swift; sourceTree = "<group>"; };
		586A199E27DA1F6A009D3479 /* SelfCheckInQRUITests.xctest */ = {isa = PBXFileReference; explicitFileType = wrapper.cfbundle; includeInIndex = 0; path = SelfCheckInQRUITests.xctest; sourceTree = BUILT_PRODUCTS_DIR; };
		586A19A227DA1F6A009D3479 /* SelfCheckInQRUITests.swift */ = {isa = PBXFileReference; lastKnownFileType = sourcecode.swift; path = SelfCheckInQRUITests.swift; sourceTree = "<group>"; };
		586A19A427DA1F6A009D3479 /* SelfCheckInQRUITestsLaunchTests.swift */ = {isa = PBXFileReference; lastKnownFileType = sourcecode.swift; path = SelfCheckInQRUITestsLaunchTests.swift; sourceTree = "<group>"; };
/* End PBXFileReference section */

/* Begin PBXFrameworksBuildPhase section */
		586A198127DA1F69009D3479 /* Frameworks */ = {
			isa = PBXFrameworksBuildPhase;
			buildActionMask = 2147483647;
			files = (
			);
			runOnlyForDeploymentPostprocessing = 0;
		};
		586A199127DA1F6A009D3479 /* Frameworks */ = {
			isa = PBXFrameworksBuildPhase;
			buildActionMask = 2147483647;
			files = (
			);
			runOnlyForDeploymentPostprocessing = 0;
		};
		586A199B27DA1F6A009D3479 /* Frameworks */ = {
			isa = PBXFrameworksBuildPhase;
			buildActionMask = 2147483647;
			files = (
			);
			runOnlyForDeploymentPostprocessing = 0;
		};
/* End PBXFrameworksBuildPhase section */

/* Begin PBXGroup section */
		586A197B27DA1F68009D3479 = {
			isa = PBXGroup;
			children = (
				586A198627DA1F69009D3479 /* SelfCheckInQR */,
				586A199727DA1F6A009D3479 /* SelfCheckInQRTests */,
				586A19A127DA1F6A009D3479 /* SelfCheckInQRUITests */,
				586A198527DA1F69009D3479 /* Products */,
			);
			sourceTree = "<group>";
		};
		586A198527DA1F69009D3479 /* Products */ = {
			isa = PBXGroup;
			children = (
				586A198427DA1F69009D3479 /* SelfCheckInQR.app */,
				586A199427DA1F6A009D3479 /* SelfCheckInQRTests.xctest */,
				586A199E27DA1F6A009D3479 /* SelfCheckInQRUITests.xctest */,
			);
			name = Products;
			sourceTree = "<group>";
		};
		586A198627DA1F69009D3479 /* SelfCheckInQR */ = {
			isa = PBXGroup;
			children = (
				586A198727DA1F69009D3479 /* SelfCheckInQRApp.swift */,
				586A198927DA1F69009D3479 /* ContentView.swift */,
				586A198B27DA1F6A009D3479 /* Assets.xcassets */,
				586A198D27DA1F6A009D3479 /* Preview Content */,
			);
			path = SelfCheckInQR;
			sourceTree = "<group>";
		};
		586A198D27DA1F6A009D3479 /* Preview Content */ = {
			isa = PBXGroup;
			children = (
				586A198E27DA1F6A009D3479 /* Preview Assets.xcassets */,
			);
			path = "Preview Content";
			sourceTree = "<group>";
		};
		586A199727DA1F6A009D3479 /* SelfCheckInQRTests */ = {
			isa = PBXGroup;
			children = (
				586A199827DA1F6A009D3479 /* SelfCheckInQRTests.swift */,
			);
			path = SelfCheckInQRTests;
			sourceTree = "<group>";
		};
		586A19A127DA1F6A009D3479 /* SelfCheckInQRUITests */ = {
			isa = PBXGroup;
			children = (
				586A19A227DA1F6A009D3479 /* SelfCheckInQRUITests.swift */,
				586A19A427DA1F6A009D3479 /* SelfCheckInQRUITestsLaunchTests.swift */,
			);
			path = SelfCheckInQRUITests;
			sourceTree = "<group>";
		};
/* End PBXGroup section */

/* Begin PBXNativeTarget section */
		586A198327DA1F69009D3479 /* SelfCheckInQR */ = {
			isa = PBXNativeTarget;
			buildConfigurationList = 586A19A827DA1F6A009D3479 /* Build configuration list for PBXNativeTarget "SelfCheckInQR" */;
			buildPhases = (
				586A198027DA1F69009D3479 /* Sources */,
				586A198127DA1F69009D3479 /* Frameworks */,
				586A198227DA1F69009D3479 /* Resources */,
			);
			buildRules = (
			);
			dependencies = (
			);
			name = SelfCheckInQR;
			productName = SelfCheckInQR;
			productReference = 586A198427DA1F69009D3479 /* SelfCheckInQR.app */;
			productType = "com.apple.product-type.application";
		};
		586A199327DA1F6A009D3479 /* SelfCheckInQRTests */ = {
			isa = PBXNativeTarget;
			buildConfigurationList = 586A19AB27DA1F6A009D3479 /* Build configuration list for PBXNativeTarget "SelfCheckInQRTests" */;
			buildPhases = (
				586A199027DA1F6A009D3479 /* Sources */,
				586A199127DA1F6A009D3479 /* Frameworks */,
				586A199227DA1F6A009D3479 /* Resources */,
			);
			buildRules = (
			);
			dependencies = (
				586A199627DA1F6A009D3479 /* PBXTargetDependency */,
			);
			name = SelfCheckInQRTests;
			productName = SelfCheckInQRTests;
			productReference = 586A199427DA1F6A009D3479 /* SelfCheckInQRTests.xctest */;
			productType = "com.apple.product-type.bundle.unit-test";
		};
		586A199D27DA1F6A009D3479 /* SelfCheckInQRUITests */ = {
			isa = PBXNativeTarget;
			buildConfigurationList = 586A19AE27DA1F6A009D3479 /* Build configuration list for PBXNativeTarget "SelfCheckInQRUITests" */;
			buildPhases = (
				586A199A27DA1F6A009D3479 /* Sources */,
				586A199B27DA1F6A009D3479 /* Frameworks */,
				586A199C27DA1F6A009D3479 /* Resources */,
			);
			buildRules = (
			);
			dependencies = (
				586A19A027DA1F6A009D3479 /* PBXTargetDependency */,
			);
			name = SelfCheckInQRUITests;
			productName = SelfCheckInQRUITests;
			productReference = 586A199E27DA1F6A009D3479 /* SelfCheckInQRUITests.xctest */;
			productType = "com.apple.product-type.bundle.ui-testing";
		};
/* End PBXNativeTarget section */

/* Begin PBXProject section */
		586A197C27DA1F68009D3479 /* Project object */ = {
			isa = PBXProject;
			attributes = {
				BuildIndependentTargetsInParallel = 1;
				LastSwiftUpdateCheck = 1320;
				LastUpgradeCheck = 1320;
				TargetAttributes = {
					586A198327DA1F69009D3479 = {
						CreatedOnToolsVersion = 13.2.1;
					};
					586A199327DA1F6A009D3479 = {
						CreatedOnToolsVersion = 13.2.1;
						TestTargetID = 586A198327DA1F69009D3479;
					};
					586A199D27DA1F6A009D3479 = {
						CreatedOnToolsVersion = 13.2.1;
						TestTargetID = 586A198327DA1F69009D3479;
					};
				};
			};
			buildConfigurationList = 586A197F27DA1F69009D3479 /* Build configuration list for PBXProject "SelfCheckInQR" */;
			compatibilityVersion = "Xcode 13.0";
			developmentRegion = en;
			hasScannedForEncodings = 0;
			knownRegions = (
				en,
				Base,
			);
			mainGroup = 586A197B27DA1F68009D3479;
			productRefGroup = 586A198527DA1F69009D3479 /* Products */;
			projectDirPath = "";
			projectRoot = "";
			targets = (
				586A198327DA1F69009D3479 /* SelfCheckInQR */,
				586A199327DA1F6A009D3479 /* SelfCheckInQRTests */,
				586A199D27DA1F6A009D3479 /* SelfCheckInQRUITests */,
			);
		};
/* End PBXProject section */

/* Begin PBXResourcesBuildPhase section */
		586A198227DA1F69009D3479 /* Resources */ = {
			isa = PBXResourcesBuildPhase;
			buildActionMask = 2147483647;
			files = (
				586A198F27DA1F6A009D3479 /* Preview Assets.xcassets in Resources */,
				586A198C27DA1F6A009D3479 /* Assets.xcassets in Resources */,
			);
			runOnlyForDeploymentPostprocessing = 0;
		};
		586A199227DA1F6A009D3479 /* Resources */ = {
			isa = PBXResourcesBuildPhase;
			buildActionMask = 2147483647;
			files = (
			);
			runOnlyForDeploymentPostprocessing = 0;
		};
		586A199C27DA1F6A009D3479 /* Resources */ = {
			isa = PBXResourcesBuildPhase;
			buildActionMask = 2147483647;
			files = (
			);
			runOnlyForDeploymentPostprocessing = 0;
		};
/* End PBXResourcesBuildPhase section */

/* Begin PBXSourcesBuildPhase section */
		586A198027DA1F69009D3479 /* Sources */ = {
			isa = PBXSourcesBuildPhase;
			buildActionMask = 2147483647;
			files = (
				586A198A27DA1F69009D3479 /* ContentView.swift in Sources */,
				586A198827DA1F69009D3479 /* SelfCheckInQRApp.swift in Sources */,
			);
			runOnlyForDeploymentPostprocessing = 0;
		};
		586A199027DA1F6A009D3479 /* Sources */ = {
			isa = PBXSourcesBuildPhase;
			buildActionMask = 2147483647;
			files = (
				586A199927DA1F6A009D3479 /* SelfCheckInQRTests.swift in Sources */,
			);
			runOnlyForDeploymentPostprocessing = 0;
		};
		586A199A27DA1F6A009D3479 /* Sources */ = {
			isa = PBXSourcesBuildPhase;
			buildActionMask = 2147483647;
			files = (
				586A19A327DA1F6A009D3479 /* SelfCheckInQRUITests.swift in Sources */,
				586A19A527DA1F6A009D3479 /* SelfCheckInQRUITestsLaunchTests.swift in Sources */,
			);
			runOnlyForDeploymentPostprocessing = 0;
		};
/* End PBXSourcesBuildPhase section */

/* Begin PBXTargetDependency section */
		586A199627DA1F6A009D3479 /* PBXTargetDependency */ = {
			isa = PBXTargetDependency;
			target = 586A198327DA1F69009D3479 /* SelfCheckInQR */;
			targetProxy = 586A199527DA1F6A009D3479 /* PBXContainerItemProxy */;
		};
		586A19A027DA1F6A009D3479 /* PBXTargetDependency */ = {
			isa = PBXTargetDependency;
			target = 586A198327DA1F69009D3479 /* SelfCheckInQR */;
			targetProxy = 586A199F27DA1F6A009D3479 /* PBXContainerItemProxy */;
		};
/* End PBXTargetDependency section */

/* Begin XCBuildConfiguration section */
		586A19A627DA1F6A009D3479 /* Debug */ = {
			isa = XCBuildConfiguration;
			buildSettings = {
				ALWAYS_SEARCH_USER_PATHS = NO;
				CLANG_ANALYZER_NONNULL = YES;
				CLANG_ANALYZER_NUMBER_OBJECT_CONVERSION = YES_AGGRESSIVE;
				CLANG_CXX_LANGUAGE_STANDARD = "gnu++17";
				CLANG_CXX_LIBRARY = "libc++";
				CLANG_ENABLE_MODULES = YES;
				CLANG_ENABLE_OBJC_ARC = YES;
				CLANG_ENABLE_OBJC_WEAK = YES;
				CLANG_WARN_BLOCK_CAPTURE_AUTORELEASING = YES;
				CLANG_WARN_BOOL_CONVERSION = YES;
				CLANG_WARN_COMMA = YES;
				CLANG_WARN_CONSTANT_CONVERSION = YES;
				CLANG_WARN_DEPRECATED_OBJC_IMPLEMENTATIONS = YES;
				CLANG_WARN_DIRECT_OBJC_ISA_USAGE = YES_ERROR;
				CLANG_WARN_DOCUMENTATION_COMMENTS = YES;
				CLANG_WARN_EMPTY_BODY = YES;
				CLANG_WARN_ENUM_CONVERSION = YES;
				CLANG_WARN_INFINITE_RECURSION = YES;
				CLANG_WARN_INT_CONVERSION = YES;
				CLANG_WARN_NON_LITERAL_NULL_CONVERSION = YES;
				CLANG_WARN_OBJC_IMPLICIT_RETAIN_SELF = YES;
				CLANG_WARN_OBJC_LITERAL_CONVERSION = YES;
				CLANG_WARN_OBJC_ROOT_CLASS = YES_ERROR;
				CLANG_WARN_QUOTED_INCLUDE_IN_FRAMEWORK_HEADER = YES;
				CLANG_WARN_RANGE_LOOP_ANALYSIS = YES;
				CLANG_WARN_STRICT_PROTOTYPES = YES;
				CLANG_WARN_SUSPICIOUS_MOVE = YES;
				CLANG_WARN_UNGUARDED_AVAILABILITY = YES_AGGRESSIVE;
				CLANG_WARN_UNREACHABLE_CODE = YES;
				CLANG_WARN__DUPLICATE_METHOD_MATCH = YES;
				COPY_PHASE_STRIP = NO;
				DEBUG_INFORMATION_FORMAT = dwarf;
				ENABLE_STRICT_OBJC_MSGSEND = YES;
				ENABLE_TESTABILITY = YES;
				GCC_C_LANGUAGE_STANDARD = gnu11;
				GCC_DYNAMIC_NO_PIC = NO;
				GCC_NO_COMMON_BLOCKS = YES;
				GCC_OPTIMIZATION_LEVEL = 0;
				GCC_PREPROCESSOR_DEFINITIONS = (
					"DEBUG=1",
					"$(inherited)",
				);
				GCC_WARN_64_TO_32_BIT_CONVERSION = YES;
				GCC_WARN_ABOUT_RETURN_TYPE = YES_ERROR;
				GCC_WARN_UNDECLARED_SELECTOR = YES;
				GCC_WARN_UNINITIALIZED_AUTOS = YES_AGGRESSIVE;
				GCC_WARN_UNUSED_FUNCTION = YES;
				GCC_WARN_UNUSED_VARIABLE = YES;
				IPHONEOS_DEPLOYMENT_TARGET = 15.2;
				MTL_ENABLE_DEBUG_INFO = INCLUDE_SOURCE;
				MTL_FAST_MATH = YES;
				ONLY_ACTIVE_ARCH = YES;
				SDKROOT = iphoneos;
				SWIFT_ACTIVE_COMPILATION_CONDITIONS = DEBUG;
				SWIFT_OPTIMIZATION_LEVEL = "-Onone";
			};
			name = Debug;
		};
		586A19A727DA1F6A009D3479 /* Release */ = {
			isa = XCBuildConfiguration;
			buildSettings = {
				ALWAYS_SEARCH_USER_PATHS = NO;
				CLANG_ANALYZER_NONNULL = YES;
				CLANG_ANALYZER_NUMBER_OBJECT_CONVERSION = YES_AGGRESSIVE;
				CLANG_CXX_LANGUAGE_STANDARD = "gnu++17";
				CLANG_CXX_LIBRARY = "libc++";
				CLANG_ENABLE_MODULES = YES;
				CLANG_ENABLE_OBJC_ARC = YES;
				CLANG_ENABLE_OBJC_WEAK = YES;
				CLANG_WARN_BLOCK_CAPTURE_AUTORELEASING = YES;
				CLANG_WARN_BOOL_CONVERSION = YES;
				CLANG_WARN_COMMA = YES;
				CLANG_WARN_CONSTANT_CONVERSION = YES;
				CLANG_WARN_DEPRECATED_OBJC_IMPLEMENTATIONS = YES;
				CLANG_WARN_DIRECT_OBJC_ISA_USAGE = YES_ERROR;
				CLANG_WARN_DOCUMENTATION_COMMENTS = YES;
				CLANG_WARN_EMPTY_BODY = YES;
				CLANG_WARN_ENUM_CONVERSION = YES;
				CLANG_WARN_INFINITE_RECURSION = YES;
				CLANG_WARN_INT_CONVERSION = YES;
				CLANG_WARN_NON_LITERAL_NULL_CONVERSION = YES;
				CLANG_WARN_OBJC_IMPLICIT_RETAIN_SELF = YES;
				CLANG_WARN_OBJC_LITERAL_CONVERSION = YES;
				CLANG_WARN_OBJC_ROOT_CLASS = YES_ERROR;
				CLANG_WARN_QUOTED_INCLUDE_IN_FRAMEWORK_HEADER = YES;
				CLANG_WARN_RANGE_LOOP_ANALYSIS = YES;
				CLANG_WARN_STRICT_PROTOTYPES = YES;
				CLANG_WARN_SUSPICIOUS_MOVE = YES;
				CLANG_WARN_UNGUARDED_AVAILABILITY = YES_AGGRESSIVE;
				CLANG_WARN_UNREACHABLE_CODE = YES;
				CLANG_WARN__DUPLICATE_METHOD_MATCH = YES;
				COPY_PHASE_STRIP = NO;
				DEBUG_INFORMATION_FORMAT = "dwarf-with-dsym";
				ENABLE_NS_ASSERTIONS = NO;
				ENABLE_STRICT_OBJC_MSGSEND = YES;
				GCC_C_LANGUAGE_STANDARD = gnu11;
				GCC_NO_COMMON_BLOCKS = YES;
				GCC_WARN_64_TO_32_BIT_CONVERSION = YES;
				GCC_WARN_ABOUT_RETURN_TYPE = YES_ERROR;
				GCC_WARN_UNDECLARED_SELECTOR = YES;
				GCC_WARN_UNINITIALIZED_AUTOS = YES_AGGRESSIVE;
				GCC_WARN_UNUSED_FUNCTION = YES;
				GCC_WARN_UNUSED_VARIABLE = YES;
				IPHONEOS_DEPLOYMENT_TARGET = 15.2;
				MTL_ENABLE_DEBUG_INFO = NO;
				MTL_FAST_MATH = YES;
				SDKROOT = iphoneos;
				SWIFT_COMPILATION_MODE = wholemodule;
				SWIFT_OPTIMIZATION_LEVEL = "-O";
				VALIDATE_PRODUCT = YES;
			};
			name = Release;
		};
		586A19A927DA1F6A009D3479 /* Debug */ = {
			isa = XCBuildConfiguration;
			buildSettings = {
				ASSETCATALOG_COMPILER_APPICON_NAME = AppIcon;
				ASSETCATALOG_COMPILER_GLOBAL_ACCENT_COLOR_NAME = AccentColor;
				CODE_SIGN_STYLE = Automatic;
				CURRENT_PROJECT_VERSION = 1;
				DEVELOPMENT_ASSET_PATHS = "\"SelfCheckInQR/Preview Content\"";
				DEVELOPMENT_TEAM = QGAQ3AY3R3;
				ENABLE_PREVIEWS = YES;
				GENERATE_INFOPLIST_FILE = YES;
				INFOPLIST_KEY_UIApplicationSceneManifest_Generation = YES;
				INFOPLIST_KEY_UIApplicationSupportsIndirectInputEvents = YES;
				INFOPLIST_KEY_UILaunchScreen_Generation = YES;
				INFOPLIST_KEY_UISupportedInterfaceOrientations_iPad = "UIInterfaceOrientationPortrait UIInterfaceOrientationPortraitUpsideDown UIInterfaceOrientationLandscapeLeft UIInterfaceOrientationLandscapeRight";
				INFOPLIST_KEY_UISupportedInterfaceOrientations_iPhone = "UIInterfaceOrientationPortrait UIInterfaceOrientationLandscapeLeft UIInterfaceOrientationLandscapeRight";
				LD_RUNPATH_SEARCH_PATHS = (
					"$(inherited)",
					"@executable_path/Frameworks",
				);
				MARKETING_VERSION = 1.0;
				PRODUCT_BUNDLE_IDENTIFIER = com.leeo.SelfCheckInQR;
				PRODUCT_NAME = "$(TARGET_NAME)";
				SWIFT_EMIT_LOC_STRINGS = YES;
				SWIFT_VERSION = 5.0;
				TARGETED_DEVICE_FAMILY = "1,2";
			};
			name = Debug;
		};
		586A19AA27DA1F6A009D3479 /* Release */ = {
			isa = XCBuildConfiguration;
			buildSettings = {
				ASSETCATALOG_COMPILER_APPICON_NAME = AppIcon;
				ASSETCATALOG_COMPILER_GLOBAL_ACCENT_COLOR_NAME = AccentColor;
				CODE_SIGN_STYLE = Automatic;
				CURRENT_PROJECT_VERSION = 1;
				DEVELOPMENT_ASSET_PATHS = "\"SelfCheckInQR/Preview Content\"";
				DEVELOPMENT_TEAM = QGAQ3AY3R3;
				ENABLE_PREVIEWS = YES;
				GENERATE_INFOPLIST_FILE = YES;
				INFOPLIST_KEY_UIApplicationSceneManifest_Generation = YES;
				INFOPLIST_KEY_UIApplicationSupportsIndirectInputEvents = YES;
				INFOPLIST_KEY_UILaunchScreen_Generation = YES;
				INFOPLIST_KEY_UISupportedInterfaceOrientations_iPad = "UIInterfaceOrientationPortrait UIInterfaceOrientationPortraitUpsideDown UIInterfaceOrientationLandscapeLeft UIInterfaceOrientationLandscapeRight";
				INFOPLIST_KEY_UISupportedInterfaceOrientations_iPhone = "UIInterfaceOrientationPortrait UIInterfaceOrientationLandscapeLeft UIInterfaceOrientationLandscapeRight";
				LD_RUNPATH_SEARCH_PATHS = (
					"$(inherited)",
					"@executable_path/Frameworks",
				);
				MARKETING_VERSION = 1.0;
				PRODUCT_BUNDLE_IDENTIFIER = com.leeo.SelfCheckInQR;
				PRODUCT_NAME = "$(TARGET_NAME)";
				SWIFT_EMIT_LOC_STRINGS = YES;
				SWIFT_VERSION = 5.0;
				TARGETED_DEVICE_FAMILY = "1,2";
			};
			name = Release;
		};
		586A19AC27DA1F6A009D3479 /* Debug */ = {
			isa = XCBuildConfiguration;
			buildSettings = {
				ALWAYS_EMBED_SWIFT_STANDARD_LIBRARIES = YES;
				BUNDLE_LOADER = "$(TEST_HOST)";
				CODE_SIGN_STYLE = Automatic;
				CURRENT_PROJECT_VERSION = 1;
				DEVELOPMENT_TEAM = QGAQ3AY3R3;
				GENERATE_INFOPLIST_FILE = YES;
				IPHONEOS_DEPLOYMENT_TARGET = 15.2;
				MARKETING_VERSION = 1.0;
				PRODUCT_BUNDLE_IDENTIFIER = com.leeo.SelfCheckInQRTests;
				PRODUCT_NAME = "$(TARGET_NAME)";
				SWIFT_EMIT_LOC_STRINGS = NO;
				SWIFT_VERSION = 5.0;
				TARGETED_DEVICE_FAMILY = "1,2";
				TEST_HOST = "$(BUILT_PRODUCTS_DIR)/SelfCheckInQR.app/SelfCheckInQR";
			};
			name = Debug;
		};
		586A19AD27DA1F6A009D3479 /* Release */ = {
			isa = XCBuildConfiguration;
			buildSettings = {
				ALWAYS_EMBED_SWIFT_STANDARD_LIBRARIES = YES;
				BUNDLE_LOADER = "$(TEST_HOST)";
				CODE_SIGN_STYLE = Automatic;
				CURRENT_PROJECT_VERSION = 1;
				DEVELOPMENT_TEAM = QGAQ3AY3R3;
				GENERATE_INFOPLIST_FILE = YES;
				IPHONEOS_DEPLOYMENT_TARGET = 15.2;
				MARKETING_VERSION = 1.0;
				PRODUCT_BUNDLE_IDENTIFIER = com.leeo.SelfCheckInQRTests;
				PRODUCT_NAME = "$(TARGET_NAME)";
				SWIFT_EMIT_LOC_STRINGS = NO;
				SWIFT_VERSION = 5.0;
				TARGETED_DEVICE_FAMILY = "1,2";
				TEST_HOST = "$(BUILT_PRODUCTS_DIR)/SelfCheckInQR.app/SelfCheckInQR";
			};
			name = Release;
		};
		586A19AF27DA1F6A009D3479 /* Debug */ = {
			isa = XCBuildConfiguration;
			buildSettings = {
				ALWAYS_EMBED_SWIFT_STANDARD_LIBRARIES = YES;
				CODE_SIGN_STYLE = Automatic;
				CURRENT_PROJECT_VERSION = 1;
				DEVELOPMENT_TEAM = QGAQ3AY3R3;
				GENERATE_INFOPLIST_FILE = YES;
				MARKETING_VERSION = 1.0;
				PRODUCT_BUNDLE_IDENTIFIER = com.leeo.SelfCheckInQRUITests;
				PRODUCT_NAME = "$(TARGET_NAME)";
				SWIFT_EMIT_LOC_STRINGS = NO;
				SWIFT_VERSION = 5.0;
				TARGETED_DEVICE_FAMILY = "1,2";
				TEST_TARGET_NAME = SelfCheckInQR;
			};
			name = Debug;
		};
		586A19B027DA1F6A009D3479 /* Release */ = {
			isa = XCBuildConfiguration;
			buildSettings = {
				ALWAYS_EMBED_SWIFT_STANDARD_LIBRARIES = YES;
				CODE_SIGN_STYLE = Automatic;
				CURRENT_PROJECT_VERSION = 1;
				DEVELOPMENT_TEAM = QGAQ3AY3R3;
				GENERATE_INFOPLIST_FILE = YES;
				MARKETING_VERSION = 1.0;
				PRODUCT_BUNDLE_IDENTIFIER = com.leeo.SelfCheckInQRUITests;
				PRODUCT_NAME = "$(TARGET_NAME)";
				SWIFT_EMIT_LOC_STRINGS = NO;
				SWIFT_VERSION = 5.0;
				TARGETED_DEVICE_FAMILY = "1,2";
				TEST_TARGET_NAME = SelfCheckInQR;
			};
			name = Release;
		};
/* End XCBuildConfiguration section */

/* Begin XCConfigurationList section */
		586A197F27DA1F69009D3479 /* Build configuration list for PBXProject "SelfCheckInQR" */ = {
			isa = XCConfigurationList;
			buildConfigurations = (
				586A19A627DA1F6A009D3479 /* Debug */,
				586A19A727DA1F6A009D3479 /* Release */,
			);
			defaultConfigurationIsVisible = 0;
			defaultConfigurationName = Release;
		};
		586A19A827DA1F6A009D3479 /* Build configuration list for PBXNativeTarget "SelfCheckInQR" */ = {
			isa = XCConfigurationList;
			buildConfigurations = (
				586A19A927DA1F6A009D3479 /* Debug */,
				586A19AA27DA1F6A009D3479 /* Release */,
			);
			defaultConfigurationIsVisible = 0;
			defaultConfigurationName = Release;
		};
		586A19AB27DA1F6A009D3479 /* Build configuration list for PBXNativeTarget "SelfCheckInQRTests" */ = {
			isa = XCConfigurationList;
			buildConfigurations = (
				586A19AC27DA1F6A009D3479 /* Debug */,
				586A19AD27DA1F6A009D3479 /* Release */,
			);
			defaultConfigurationIsVisible = 0;
			defaultConfigurationName = Release;
		};
		586A19AE27DA1F6A009D3479 /* Build configuration list for PBXNativeTarget "SelfCheckInQRUITests" */ = {
			isa = XCConfigurationList;
			buildConfigurations = (
				586A19AF27DA1F6A009D3479 /* Debug */,
				586A19B027DA1F6A009D3479 /* Release */,
			);
			defaultConfigurationIsVisible = 0;
			defaultConfigurationName = Release;
		};
/* End XCConfigurationList section */
	};
	rootObject = 586A197C27DA1F68009D3479 /* Project object */;
}
